// !$*UTF8*$!
{
	archiveVersion = 1;
	classes = {
	};
	objectVersion = 46;
	objects = {

/* Begin PBXBuildFile section */
		434BA5591D6EEE2F006C5B89 /* main.m in Sources */ = {isa = PBXBuildFile; fileRef = 434BA5581D6EEE2F006C5B89 /* main.m */; };
		434BA55C1D6EEE2F006C5B89 /* AppDelegate.m in Sources */ = {isa = PBXBuildFile; fileRef = 434BA55B1D6EEE2F006C5B89 /* AppDelegate.m */; };
		434BA55F1D6EEE30006C5B89 /* ViewController.m in Sources */ = {isa = PBXBuildFile; fileRef = 434BA55E1D6EEE30006C5B89 /* ViewController.m */; };
		434BA5621D6EEE30006C5B89 /* Main.storyboard in Resources */ = {isa = PBXBuildFile; fileRef = 434BA5601D6EEE30006C5B89 /* Main.storyboard */; };
		434BA5641D6EEE30006C5B89 /* Assets.xcassets in Resources */ = {isa = PBXBuildFile; fileRef = 434BA5631D6EEE30006C5B89 /* Assets.xcassets */; };
		434BA5671D6EEE30006C5B89 /* LaunchScreen.storyboard in Resources */ = {isa = PBXBuildFile; fileRef = 434BA5651D6EEE30006C5B89 /* LaunchScreen.storyboard */; };
		434BA5721D6EEE30006C5B89 /* TestGitTests.m in Sources */ = {isa = PBXBuildFile; fileRef = 434BA5711D6EEE30006C5B89 /* TestGitTests.m */; };
		434BA57D1D6EEE30006C5B89 /* TestGitUITests.m in Sources */ = {isa = PBXBuildFile; fileRef = 434BA57C1D6EEE30006C5B89 /* TestGitUITests.m */; };
/* End PBXBuildFile section */

/* Begin PBXContainerItemProxy section */
		434BA56E1D6EEE30006C5B89 /* PBXContainerItemProxy */ = {
			isa = PBXContainerItemProxy;
			containerPortal = 434BA54C1D6EEE2E006C5B89 /* Project object */;
			proxyType = 1;
			remoteGlobalIDString = 434BA5531D6EEE2F006C5B89;
			remoteInfo = TestGit;
		};
		434BA5791D6EEE30006C5B89 /* PBXContainerItemProxy */ = {
			isa = PBXContainerItemProxy;
			containerPortal = 434BA54C1D6EEE2E006C5B89 /* Project object */;
			proxyType = 1;
			remoteGlobalIDString = 434BA5531D6EEE2F006C5B89;
			remoteInfo = TestGit;
		};
/* End PBXContainerItemProxy section */

/* Begin PBXFileReference section */
		434BA5541D6EEE2F006C5B89 /* TestGit.app */ = {isa = PBXFileReference; explicitFileType = wrapper.application; includeInIndex = 0; path = TestGit.app; sourceTree = BUILT_PRODUCTS_DIR; };
		434BA5581D6EEE2F006C5B89 /* main.m */ = {isa = PBXFileReference; lastKnownFileType = sourcecode.c.objc; path = main.m; sourceTree = "<group>"; };
		434BA55A1D6EEE2F006C5B89 /* AppDelegate.h */ = {isa = PBXFileReference; lastKnownFileType = sourcecode.c.h; path = AppDelegate.h; sourceTree = "<group>"; };
		434BA55B1D6EEE2F006C5B89 /* AppDelegate.m */ = {isa = PBXFileReference; lastKnownFileType = sourcecode.c.objc; path = AppDelegate.m; sourceTree = "<group>"; };
		434BA55D1D6EEE30006C5B89 /* ViewController.h */ = {isa = PBXFileReference; lastKnownFileType = sourcecode.c.h; path = ViewController.h; sourceTree = "<group>"; };
		434BA55E1D6EEE30006C5B89 /* ViewController.m */ = {isa = PBXFileReference; lastKnownFileType = sourcecode.c.objc; path = ViewController.m; sourceTree = "<group>"; };
		434BA5611D6EEE30006C5B89 /* Base */ = {isa = PBXFileReference; lastKnownFileType = file.storyboard; name = Base; path = Base.lproj/Main.storyboard; sourceTree = "<group>"; };
		434BA5631D6EEE30006C5B89 /* Assets.xcassets */ = {isa = PBXFileReference; lastKnownFileType = folder.assetcatalog; path = Assets.xcassets; sourceTree = "<group>"; };
		434BA5661D6EEE30006C5B89 /* Base */ = {isa = PBXFileReference; lastKnownFileType = file.storyboard; name = Base; path = Base.lproj/LaunchScreen.storyboard; sourceTree = "<group>"; };
		434BA5681D6EEE30006C5B89 /* Info.plist */ = {isa = PBXFileReference; lastKnownFileType = text.plist.xml; path = Info.plist; sourceTree = "<group>"; };
		434BA56D1D6EEE30006C5B89 /* TestGitTests.xctest */ = {isa = PBXFileReference; explicitFileType = wrapper.cfbundle; includeInIndex = 0; path = TestGitTests.xctest; sourceTree = BUILT_PRODUCTS_DIR; };
		434BA5711D6EEE30006C5B89 /* TestGitTests.m */ = {isa = PBXFileReference; lastKnownFileType = sourcecode.c.objc; path = TestGitTests.m; sourceTree = "<group>"; };
		434BA5731D6EEE30006C5B89 /* Info.plist */ = {isa = PBXFileReference; lastKnownFileType = text.plist.xml; path = Info.plist; sourceTree = "<group>"; };
		434BA5781D6EEE30006C5B89 /* TestGitUITests.xctest */ = {isa = PBXFileReference; explicitFileType = wrapper.cfbundle; includeInIndex = 0; path = TestGitUITests.xctest; sourceTree = BUILT_PRODUCTS_DIR; };
		434BA57C1D6EEE30006C5B89 /* TestGitUITests.m */ = {isa = PBXFileReference; lastKnownFileType = sourcecode.c.objc; path = TestGitUITests.m; sourceTree = "<group>"; };
		434BA57E1D6EEE30006C5B89 /* Info.plist */ = {isa = PBXFileReference; lastKnownFileType = text.plist.xml; path = Info.plist; sourceTree = "<group>"; };
/* End PBXFileReference section */

/* Begin PBXFrameworksBuildPhase section */
		434BA5511D6EEE2F006C5B89 /* Frameworks */ = {
			isa = PBXFrameworksBuildPhase;
			buildActionMask = 2147483647;
			files = (
			);
			runOnlyForDeploymentPostprocessing = 0;
		};
		434BA56A1D6EEE30006C5B89 /* Frameworks */ = {
			isa = PBXFrameworksBuildPhase;
			buildActionMask = 2147483647;
			files = (
			);
			runOnlyForDeploymentPostprocessing = 0;
		};
		434BA5751D6EEE30006C5B89 /* Frameworks */ = {
			isa = PBXFrameworksBuildPhase;
			buildActionMask = 2147483647;
			files = (
			);
			runOnlyForDeploymentPostprocessing = 0;
		};
/* End PBXFrameworksBuildPhase section */

/* Begin PBXGroup section */
		434BA54B1D6EEE2E006C5B89 = {
			isa = PBXGroup;
			children = (
				434BA5561D6EEE2F006C5B89 /* TestGit */,
				434BA5701D6EEE30006C5B89 /* TestGitTests */,
				434BA57B1D6EEE30006C5B89 /* TestGitUITests */,
				434BA5551D6EEE2F006C5B89 /* Products */,
			);
			sourceTree = "<group>";
		};
		434BA5551D6EEE2F006C5B89 /* Products */ = {
			isa = PBXGroup;
			children = (
				434BA5541D6EEE2F006C5B89 /* TestGit.app */,
				434BA56D1D6EEE30006C5B89 /* TestGitTests.xctest */,
				434BA5781D6EEE30006C5B89 /* TestGitUITests.xctest */,
			);
			name = Products;
			sourceTree = "<group>";
		};
		434BA5561D6EEE2F006C5B89 /* TestGit */ = {
			isa = PBXGroup;
			children = (
				434BA55A1D6EEE2F006C5B89 /* AppDelegate.h */,
				434BA55B1D6EEE2F006C5B89 /* AppDelegate.m */,
				434BA55D1D6EEE30006C5B89 /* ViewController.h */,
				434BA55E1D6EEE30006C5B89 /* ViewController.m */,
				434BA5601D6EEE30006C5B89 /* Main.storyboard */,
				434BA5631D6EEE30006C5B89 /* Assets.xcassets */,
				434BA5651D6EEE30006C5B89 /* LaunchScreen.storyboard */,
				434BA5681D6EEE30006C5B89 /* Info.plist */,
				434BA5571D6EEE2F006C5B89 /* Supporting Files */,
			);
			path = TestGit;
			sourceTree = "<group>";
		};
		434BA5571D6EEE2F006C5B89 /* Supporting Files */ = {
			isa = PBXGroup;
			children = (
				434BA5581D6EEE2F006C5B89 /* main.m */,
			);
			name = "Supporting Files";
			sourceTree = "<group>";
		};
		434BA5701D6EEE30006C5B89 /* TestGitTests */ = {
			isa = PBXGroup;
			children = (
				434BA5711D6EEE30006C5B89 /* TestGitTests.m */,
				434BA5731D6EEE30006C5B89 /* Info.plist */,
			);
			path = TestGitTests;
			sourceTree = "<group>";
		};
		434BA57B1D6EEE30006C5B89 /* TestGitUITests */ = {
			isa = PBXGroup;
			children = (
				434BA57C1D6EEE30006C5B89 /* TestGitUITests.m */,
				434BA57E1D6EEE30006C5B89 /* Info.plist */,
			);
			path = TestGitUITests;
			sourceTree = "<group>";
		};
/* End PBXGroup section */

/* Begin PBXNativeTarget section */
		434BA5531D6EEE2F006C5B89 /* TestGit */ = {
			isa = PBXNativeTarget;
			buildConfigurationList = 434BA5811D6EEE30006C5B89 /* Build configuration list for PBXNativeTarget "TestGit" */;
			buildPhases = (
				434BA5501D6EEE2F006C5B89 /* Sources */,
				434BA5511D6EEE2F006C5B89 /* Frameworks */,
				434BA5521D6EEE2F006C5B89 /* Resources */,
			);
			buildRules = (
			);
			dependencies = (
			);
			name = TestGit;
			productName = TestGit;
			productReference = 434BA5541D6EEE2F006C5B89 /* TestGit.app */;
			productType = "com.apple.product-type.application";
		};
		434BA56C1D6EEE30006C5B89 /* TestGitTests */ = {
			isa = PBXNativeTarget;
			buildConfigurationList = 434BA5841D6EEE30006C5B89 /* Build configuration list for PBXNativeTarget "TestGitTests" */;
			buildPhases = (
				434BA5691D6EEE30006C5B89 /* Sources */,
				434BA56A1D6EEE30006C5B89 /* Frameworks */,
				434BA56B1D6EEE30006C5B89 /* Resources */,
			);
			buildRules = (
			);
			dependencies = (
				434BA56F1D6EEE30006C5B89 /* PBXTargetDependency */,
			);
			name = TestGitTests;
			productName = TestGitTests;
			productReference = 434BA56D1D6EEE30006C5B89 /* TestGitTests.xctest */;
			productType = "com.apple.product-type.bundle.unit-test";
		};
		434BA5771D6EEE30006C5B89 /* TestGitUITests */ = {
			isa = PBXNativeTarget;
			buildConfigurationList = 434BA5871D6EEE30006C5B89 /* Build configuration list for PBXNativeTarget "TestGitUITests" */;
			buildPhases = (
				434BA5741D6EEE30006C5B89 /* Sources */,
				434BA5751D6EEE30006C5B89 /* Frameworks */,
				434BA5761D6EEE30006C5B89 /* Resources */,
			);
			buildRules = (
			);
			dependencies = (
				434BA57A1D6EEE30006C5B89 /* PBXTargetDependency */,
			);
			name = TestGitUITests;
			productName = TestGitUITests;
			productReference = 434BA5781D6EEE30006C5B89 /* TestGitUITests.xctest */;
			productType = "com.apple.product-type.bundle.ui-testing";
		};
/* End PBXNativeTarget section */

/* Begin PBXProject section */
		434BA54C1D6EEE2E006C5B89 /* Project object */ = {
			isa = PBXProject;
			attributes = {
				LastUpgradeCheck = 0730;
				ORGANIZATIONNAME = "OD BASE";
				TargetAttributes = {
					434BA5531D6EEE2F006C5B89 = {
						CreatedOnToolsVersion = 7.3.1;
					};
					434BA56C1D6EEE30006C5B89 = {
						CreatedOnToolsVersion = 7.3.1;
						TestTargetID = 434BA5531D6EEE2F006C5B89;
					};
					434BA5771D6EEE30006C5B89 = {
						CreatedOnToolsVersion = 7.3.1;
						TestTargetID = 434BA5531D6EEE2F006C5B89;
					};
				};
			};
			buildConfigurationList = 434BA54F1D6EEE2E006C5B89 /* Build configuration list for PBXProject "TestGit" */;
			compatibilityVersion = "Xcode 3.2";
			developmentRegion = English;
			hasScannedForEncodings = 0;
			knownRegions = (
				en,
				Base,
			);
			mainGroup = 434BA54B1D6EEE2E006C5B89;
			productRefGroup = 434BA5551D6EEE2F006C5B89 /* Products */;
			projectDirPath = "";
			projectRoot = "";
			targets = (
				434BA5531D6EEE2F006C5B89 /* TestGit */,
				434BA56C1D6EEE30006C5B89 /* TestGitTests */,
				434BA5771D6EEE30006C5B89 /* TestGitUITests */,
			);
		};
/* End PBXProject section */

/* Begin PBXResourcesBuildPhase section */
		434BA5521D6EEE2F006C5B89 /* Resources */ = {
			isa = PBXResourcesBuildPhase;
			buildActionMask = 2147483647;
			files = (
				434BA5671D6EEE30006C5B89 /* LaunchScreen.storyboard in Resources */,
				434BA5641D6EEE30006C5B89 /* Assets.xcassets in Resources */,
				434BA5621D6EEE30006C5B89 /* Main.storyboard in Resources */,
			);
			runOnlyForDeploymentPostprocessing = 0;
		};
		434BA56B1D6EEE30006C5B89 /* Resources */ = {
			isa = PBXResourcesBuildPhase;
			buildActionMask = 2147483647;
			files = (
			);
			runOnlyForDeploymentPostprocessing = 0;
		};
		434BA5761D6EEE30006C5B89 /* Resources */ = {
			isa = PBXResourcesBuildPhase;
			buildActionMask = 2147483647;
			files = (
			);
			runOnlyForDeploymentPostprocessing = 0;
		};
/* End PBXResourcesBuildPhase section */

/* Begin PBXSourcesBuildPhase section */
		434BA5501D6EEE2F006C5B89 /* Sources */ = {
			isa = PBXSourcesBuildPhase;
			buildActionMask = 2147483647;
			files = (
				434BA55F1D6EEE30006C5B89 /* ViewController.m in Sources */,
				434BA55C1D6EEE2F006C5B89 /* AppDelegate.m in Sources */,
				434BA5591D6EEE2F006C5B89 /* main.m in Sources */,
			);
			runOnlyForDeploymentPostprocessing = 0;
		};
		434BA5691D6EEE30006C5B89 /* Sources */ = {
			isa = PBXSourcesBuildPhase;
			buildActionMask = 2147483647;
			files = (
				434BA5721D6EEE30006C5B89 /* TestGitTests.m in Sources */,
			);
			runOnlyForDeploymentPostprocessing = 0;
		};
		434BA5741D6EEE30006C5B89 /* Sources */ = {
			isa = PBXSourcesBuildPhase;
			buildActionMask = 2147483647;
			files = (
				434BA57D1D6EEE30006C5B89 /* TestGitUITests.m in Sources */,
			);
			runOnlyForDeploymentPostprocessing = 0;
		};
/* End PBXSourcesBuildPhase section */

/* Begin PBXTargetDependency section */
		434BA56F1D6EEE30006C5B89 /* PBXTargetDependency */ = {
			isa = PBXTargetDependency;
			target = 434BA5531D6EEE2F006C5B89 /* TestGit */;
			targetProxy = 434BA56E1D6EEE30006C5B89 /* PBXContainerItemProxy */;
		};
		434BA57A1D6EEE30006C5B89 /* PBXTargetDependency */ = {
			isa = PBXTargetDependency;
			target = 434BA5531D6EEE2F006C5B89 /* TestGit */;
			targetProxy = 434BA5791D6EEE30006C5B89 /* PBXContainerItemProxy */;
		};
/* End PBXTargetDependency section */

/* Begin PBXVariantGroup section */
		434BA5601D6EEE30006C5B89 /* Main.storyboard */ = {
			isa = PBXVariantGroup;
			children = (
				434BA5611D6EEE30006C5B89 /* Base */,
			);
			name = Main.storyboard;
			sourceTree = "<group>";
		};
		434BA5651D6EEE30006C5B89 /* LaunchScreen.storyboard */ = {
			isa = PBXVariantGroup;
			children = (
				434BA5661D6EEE30006C5B89 /* Base */,
			);
			name = LaunchScreen.storyboard;
			sourceTree = "<group>";
		};
/* End PBXVariantGroup section */

/* Begin XCBuildConfiguration section */
		434BA57F1D6EEE30006C5B89 /* Debug */ = {
			isa = XCBuildConfiguration;
			buildSettings = {
				ALWAYS_SEARCH_USER_PATHS = NO;
				CLANG_ANALYZER_NONNULL = YES;
				CLANG_CXX_LANGUAGE_STANDARD = "gnu++0x";
				CLANG_CXX_LIBRARY = "libc++";
				CLANG_ENABLE_MODULES = YES;
				CLANG_ENABLE_OBJC_ARC = YES;
				CLANG_WARN_BOOL_CONVERSION = YES;
				CLANG_WARN_CONSTANT_CONVERSION = YES;
				CLANG_WARN_DIRECT_OBJC_ISA_USAGE = YES_ERROR;
				CLANG_WARN_EMPTY_BODY = YES;
				CLANG_WARN_ENUM_CONVERSION = YES;
				CLANG_WARN_INT_CONVERSION = YES;
				CLANG_WARN_OBJC_ROOT_CLASS = YES_ERROR;
				CLANG_WARN_UNREACHABLE_CODE = YES;
				CLANG_WARN__DUPLICATE_METHOD_MATCH = YES;
				"CODE_SIGN_IDENTITY[sdk=iphoneos*]" = "iPhone Developer";
				COPY_PHASE_STRIP = NO;
				DEBUG_INFORMATION_FORMAT = dwarf;
				ENABLE_STRICT_OBJC_MSGSEND = YES;
				ENABLE_TESTABILITY = YES;
				GCC_C_LANGUAGE_STANDARD = gnu99;
				GCC_DYNAMIC_NO_PIC = NO;
				GCC_NO_COMMON_BLOCKS = YES;
				GCC_OPTIMIZATION_LEVEL = 0;
				GCC_PREPROCESSOR_DEFINITIONS = (
					"DEBUG=1",
					"$(inherited)",
				);
				GCC_WARN_64_TO_32_BIT_CONVERSION = YES;
				GCC_WARN_ABOUT_RETURN_TYPE = YES_ERROR;
				GCC_WARN_UNDECLARED_SELECTOR = YES;
				GCC_WARN_UNINITIALIZED_AUTOS = YES_AGGRESSIVE;
				GCC_WARN_UNUSED_FUNCTION = YES;
				GCC_WARN_UNUSED_VARIABLE = YES;
				IPHONEOS_DEPLOYMENT_TARGET = 9.3;
				MTL_ENABLE_DEBUG_INFO = YES;
				ONLY_ACTIVE_ARCH = YES;
				SDKROOT = iphoneos;
				TARGETED_DEVICE_FAMILY = "1,2";
			};
			name = Debug;
		};
		434BA5801D6EEE30006C5B89 /* Release */ = {
			isa = XCBuildConfiguration;
			buildSettings = {
				ALWAYS_SEARCH_USER_PATHS = NO;
				CLANG_ANALYZER_NONNULL = YES;
				CLANG_CXX_LANGUAGE_STANDARD = "gnu++0x";
				CLANG_CXX_LIBRARY = "libc++";
				CLANG_ENABLE_MODULES = YES;
				CLANG_ENABLE_OBJC_ARC = YES;
				CLANG_WARN_BOOL_CONVERSION = YES;
				CLANG_WARN_CONSTANT_CONVERSION = YES;
				CLANG_WARN_DIRECT_OBJC_ISA_USAGE = YES_ERROR;
				CLANG_WARN_EMPTY_BODY = YES;
				CLANG_WARN_ENUM_CONVERSION = YES;
				CLANG_WARN_INT_CONVERSION = YES;
				CLANG_WARN_OBJC_ROOT_CLASS = YES_ERROR;
				CLANG_WARN_UNREACHABLE_CODE = YES;
				CLANG_WARN__DUPLICATE_METHOD_MATCH = YES;
				"CODE_SIGN_IDENTITY[sdk=iphoneos*]" = "iPhone Developer";
				COPY_PHASE_STRIP = NO;
				DEBUG_INFORMATION_FORMAT = "dwarf-with-dsym";
				ENABLE_NS_ASSERTIONS = NO;
				ENABLE_STRICT_OBJC_MSGSEND = YES;
				GCC_C_LANGUAGE_STANDARD = gnu99;
				GCC_NO_COMMON_BLOCKS = YES;
				GCC_WARN_64_TO_32_BIT_CONVERSION = YES;
				GCC_WARN_ABOUT_RETURN_TYPE = YES_ERROR;
				GCC_WARN_UNDECLARED_SELECTOR = YES;
				GCC_WARN_UNINITIALIZED_AUTOS = YES_AGGRESSIVE;
				GCC_WARN_UNUSED_FUNCTION = YES;
				GCC_WARN_UNUSED_VARIABLE = YES;
				IPHONEOS_DEPLOYMENT_TARGET = 9.3;
				MTL_ENABLE_DEBUG_INFO = NO;
				SDKROOT = iphoneos;
				TARGETED_DEVICE_FAMILY = "1,2";
				VALIDATE_PRODUCT = YES;
			};
			name = Release;
		};
		434BA5821D6EEE30006C5B89 /* Debug */ = {
			isa = XCBuildConfiguration;
			buildSettings = {
				ASSETCATALOG_COMPILER_APPICON_NAME = AppIcon;
				INFOPLIST_FILE = TestGit/Info.plist;
				LD_RUNPATH_SEARCH_PATHS = "$(inherited) @executable_path/Frameworks";
				PRODUCT_BUNDLE_IDENTIFIER = com.odbase.TestGit;
				PRODUCT_NAME = "$(TARGET_NAME)";
			};
			name = Debug;
		};
		434BA5831D6EEE30006C5B89 /* Release */ = {
			isa = XCBuildConfiguration;
			buildSettings = {
				ASSETCATALOG_COMPILER_APPICON_NAME = AppIcon;
				INFOPLIST_FILE = TestGit/Info.plist;
				LD_RUNPATH_SEARCH_PATHS = "$(inherited) @executable_path/Frameworks";
				PRODUCT_BUNDLE_IDENTIFIER = com.odbase.TestGit;
				PRODUCT_NAME = "$(TARGET_NAME)";
			};
			name = Release;
		};
		434BA5851D6EEE30006C5B89 /* Debug */ = {
			isa = XCBuildConfiguration;
			buildSettings = {
				BUNDLE_LOADER = "$(TEST_HOST)";
				INFOPLIST_FILE = TestGitTests/Info.plist;
				LD_RUNPATH_SEARCH_PATHS = "$(inherited) @executable_path/Frameworks @loader_path/Frameworks";
				PRODUCT_BUNDLE_IDENTIFIER = com.odbase.TestGitTests;
				PRODUCT_NAME = "$(TARGET_NAME)";
				TEST_HOST = "$(BUILT_PRODUCTS_DIR)/TestGit.app/TestGit";
			};
			name = Debug;
		};
		434BA5861D6EEE30006C5B89 /* Release */ = {
			isa = XCBuildConfiguration;
			buildSettings = {
				BUNDLE_LOADER = "$(TEST_HOST)";
				INFOPLIST_FILE = TestGitTests/Info.plist;
				LD_RUNPATH_SEARCH_PATHS = "$(inherited) @executable_path/Frameworks @loader_path/Frameworks";
				PRODUCT_BUNDLE_IDENTIFIER = com.odbase.TestGitTests;
				PRODUCT_NAME = "$(TARGET_NAME)";
				TEST_HOST = "$(BUILT_PRODUCTS_DIR)/TestGit.app/TestGit";
			};
			name = Release;
		};
		434BA5881D6EEE30006C5B89 /* Debug */ = {
			isa = XCBuildConfiguration;
			buildSettings = {
				INFOPLIST_FILE = TestGitUITests/Info.plist;
				LD_RUNPATH_SEARCH_PATHS = "$(inherited) @executable_path/Frameworks @loader_path/Frameworks";
				PRODUCT_BUNDLE_IDENTIFIER = com.odbase.TestGitUITests;
				PRODUCT_NAME = "$(TARGET_NAME)";
				TEST_TARGET_NAME = TestGit;
			};
			name = Debug;
		};
		434BA5891D6EEE30006C5B89 /* Release */ = {
			isa = XCBuildConfiguration;
			buildSettings = {
				INFOPLIST_FILE = TestGitUITests/Info.plist;
				LD_RUNPATH_SEARCH_PATHS = "$(inherited) @executable_path/Frameworks @loader_path/Frameworks";
				PRODUCT_BUNDLE_IDENTIFIER = com.odbase.TestGitUITests;
				PRODUCT_NAME = "$(TARGET_NAME)";
				TEST_TARGET_NAME = TestGit;
			};
			name = Release;
		};
/* End XCBuildConfiguration section */

/* Begin XCConfigurationList section */
		434BA54F1D6EEE2E006C5B89 /* Build configuration list for PBXProject "TestGit" */ = {
			isa = XCConfigurationList;
			buildConfigurations = (
				434BA57F1D6EEE30006C5B89 /* Debug */,
				434BA5801D6EEE30006C5B89 /* Release */,
			);
			defaultConfigurationIsVisible = 0;
			defaultConfigurationName = Release;
		};
		434BA5811D6EEE30006C5B89 /* Build configuration list for PBXNativeTarget "TestGit" */ = {
			isa = XCConfigurationList;
			buildConfigurations = (
				434BA5821D6EEE30006C5B89 /* Debug */,
				434BA5831D6EEE30006C5B89 /* Release */,
			);
			defaultConfigurationIsVisible = 0;
		};
		434BA5841D6EEE30006C5B89 /* Build configuration list for PBXNativeTarget "TestGitTests" */ = {
			isa = XCConfigurationList;
			buildConfigurations = (
				434BA5851D6EEE30006C5B89 /* Debug */,
				434BA5861D6EEE30006C5B89 /* Release */,
			);
			defaultConfigurationIsVisible = 0;
		};
		434BA5871D6EEE30006C5B89 /* Build configuration list for PBXNativeTarget "TestGitUITests" */ = {
			isa = XCConfigurationList;
			buildConfigurations = (
				434BA5881D6EEE30006C5B89 /* Debug */,
				434BA5891D6EEE30006C5B89 /* Release */,
			);
			defaultConfigurationIsVisible = 0;
		};
/* End XCConfigurationList section */
	};
	rootObject = 434BA54C1D6EEE2E006C5B89 /* Project object */;
}
